
Microsoft Visual Studio Solution File, Format Version 12.00
# Visual Studio Version 17
VisualStudioVersion = 17.9.34728.123
MinimumVisualStudioVersion = 10.0.40219.1
Project("{FAE04EC0-301F-11D3-BF4B-00C04F79EFBC}") = "TPWeb_Equipo16", "TPWeb_Equipo16\TPWeb_Equipo16.csproj", "{477E7D16-E8B8-4D75-904C-42BB8F3C0459}"
EndProject
Project("{FAE04EC0-301F-11D3-BF4B-00C04F79EFBC}") = "Domain", "Domain\Domain.csproj", "{E6A7CF0D-824C-4A5E-82C6-D1FDC2461B51}"
EndProject
Project("{FAE04EC0-301F-11D3-BF4B-00C04F79EFBC}") = "BusinessLogicLayer", "BusinessLogic\BusinessLogicLayer.csproj", "{02165308-C190-4541-BFC8-13E6E9D09710}"
EndProject
Project("{FAE04EC0-301F-11D3-BF4B-00C04F79EFBC}") = "DataAccessLayer", "DataAccessLayer\DataAccessLayer.csproj", "{DFD01853-9C1B-4A7D-8066-47FACD4D7599}"
EndProject
Project("{FAE04EC0-301F-11D3-BF4B-00C04F79EFBC}") = "Utilities", "Utilities\Utilities.csproj", "{2B9A85C1-19BF-47B2-BF7D-C68CBC8D1ADE}"
EndProject
Global
	GlobalSection(SolutionConfigurationPlatforms) = preSolution
		Debug|Any CPU = Debug|Any CPU
		Release|Any CPU = Release|Any CPU
	EndGlobalSection
	GlobalSection(ProjectConfigurationPlatforms) = postSolution
		{477E7D16-E8B8-4D75-904C-42BB8F3C0459}.Debug|Any CPU.ActiveCfg = Debug|Any CPU
		{477E7D16-E8B8-4D75-904C-42BB8F3C0459}.Debug|Any CPU.Build.0 = Debug|Any CPU
		{477E7D16-E8B8-4D75-904C-42BB8F3C0459}.Release|Any CPU.ActiveCfg = Release|Any CPU
		{477E7D16-E8B8-4D75-904C-42BB8F3C0459}.Release|Any CPU.Build.0 = Release|Any CPU
		{E6A7CF0D-824C-4A5E-82C6-D1FDC2461B51}.Debug|Any CPU.ActiveCfg = Debug|Any CPU
		{E6A7CF0D-824C-4A5E-82C6-D1FDC2461B51}.Debug|Any CPU.Build.0 = Debug|Any CPU
		{E6A7CF0D-824C-4A5E-82C6-D1FDC2461B51}.Release|Any CPU.ActiveCfg = Release|Any CPU
		{E6A7CF0D-824C-4A5E-82C6-D1FDC2461B51}.Release|Any CPU.Build.0 = Release|Any CPU
		{02165308-C190-4541-BFC8-13E6E9D09710}.Debug|Any CPU.ActiveCfg = Debug|Any CPU
		{02165308-C190-4541-BFC8-13E6E9D09710}.Debug|Any CPU.Build.0 = Debug|Any CPU
		{02165308-C190-4541-BFC8-13E6E9D09710}.Release|Any CPU.ActiveCfg = Release|Any CPU
		{02165308-C190-4541-BFC8-13E6E9D09710}.Release|Any CPU.Build.0 = Release|Any CPU
		{DFD01853-9C1B-4A7D-8066-47FACD4D7599}.Debug|Any CPU.ActiveCfg = Debug|Any CPU
		{DFD01853-9C1B-4A7D-8066-47FACD4D7599}.Debug|Any CPU.Build.0 = Debug|Any CPU
		{DFD01853-9C1B-4A7D-8066-47FACD4D7599}.Release|Any CPU.ActiveCfg = Release|Any CPU
		{DFD01853-9C1B-4A7D-8066-47FACD4D7599}.Release|Any CPU.Build.0 = Release|Any CPU
		{2B9A85C1-19BF-47B2-BF7D-C68CBC8D1ADE}.Debug|Any CPU.ActiveCfg = Debug|Any CPU
		{2B9A85C1-19BF-47B2-BF7D-C68CBC8D1ADE}.Debug|Any CPU.Build.0 = Debug|Any CPU
		{2B9A85C1-19BF-47B2-BF7D-C68CBC8D1ADE}.Release|Any CPU.ActiveCfg = Release|Any CPU
		{2B9A85C1-19BF-47B2-BF7D-C68CBC8D1ADE}.Release|Any CPU.Build.0 = Release|Any CPU
	EndGlobalSection
	GlobalSection(SolutionProperties) = preSolution
		HideSolutionNode = FALSE
	EndGlobalSection
	GlobalSection(ExtensibilityGlobals) = postSolution
		SolutionGuid = {6D959569-8BDE-4C82-8ADF-BFDE0F24E038}
	EndGlobalSection
EndGlobal
